Microsoft Visual Studio Solution File, Format Version 12.00
# Visual Studio Version 17
VisualStudioVersion = 17.5.2.0
MinimumVisualStudioVersion = 10.0.40219.1
Project("{FAE04EC0-301F-11D3-BF4B-00C04F79EFBC}") = "MLModelAPI", "MLModelAPI\MLModelAPI.csproj", "{6EAF6EEE-D034-F1F8-620C-5DC4E1AEEAC9}"
EndProject
Global
	GlobalSection(SolutionConfigurationPlatforms) = preSolution
		Debug|Any CPU = Debug|Any CPU
		Release|Any CPU = Release|Any CPU
	EndGlobalSection
	GlobalSection(ProjectConfigurationPlatforms) = postSolution
		{6EAF6EEE-D034-F1F8-620C-5DC4E1AEEAC9}.Debug|Any CPU.ActiveCfg = Debug|Any CPU
		{6EAF6EEE-D034-F1F8-620C-5DC4E1AEEAC9}.Debug|Any CPU.Build.0 = Debug|Any CPU
		{6EAF6EEE-D034-F1F8-620C-5DC4E1AEEAC9}.Release|Any CPU.ActiveCfg = Release|Any CPU
		{6EAF6EEE-D034-F1F8-620C-5DC4E1AEEAC9}.Release|Any CPU.Build.0 = Release|Any CPU
	EndGlobalSection
	GlobalSection(SolutionProperties) = preSolution
		HideSolutionNode = FALSE
	EndGlobalSection
	GlobalSection(ExtensibilityGlobals) = postSolution
		SolutionGuid = {0C8D5025-A8C3-4CE7-9B2F-56A88C6CDAA7}
	EndGlobalSection
EndGlobal
